// !$*UTF8*$!
{
	archiveVersion = 1;
	classes = {
	};
	objectVersion = 56;
	objects = {

/* Begin PBXBuildFile section */
		C11AF16D2B53FD1E0092AB68 /* cryptoApp.swift in Sources */ = {isa = PBXBuildFile; fileRef = C11AF16C2B53FD1E0092AB68 /* cryptoApp.swift */; };
		C11AF16F2B53FD1E0092AB68 /* ContentView.swift in Sources */ = {isa = PBXBuildFile; fileRef = C11AF16E2B53FD1E0092AB68 /* ContentView.swift */; };
		C11AF1712B53FD1F0092AB68 /* Assets.xcassets in Resources */ = {isa = PBXBuildFile; fileRef = C11AF1702B53FD1F0092AB68 /* Assets.xcassets */; };
		C11AF1742B53FD1F0092AB68 /* Preview Assets.xcassets in Resources */ = {isa = PBXBuildFile; fileRef = C11AF1732B53FD1F0092AB68 /* Preview Assets.xcassets */; };
		C11AF17E2B53FD1F0092AB68 /* cryptoTests.swift in Sources */ = {isa = PBXBuildFile; fileRef = C11AF17D2B53FD1F0092AB68 /* cryptoTests.swift */; };
		C11AF1882B53FD1F0092AB68 /* cryptoUITests.swift in Sources */ = {isa = PBXBuildFile; fileRef = C11AF1872B53FD1F0092AB68 /* cryptoUITests.swift */; };
		C11AF18A2B53FD1F0092AB68 /* cryptoUITestsLaunchTests.swift in Sources */ = {isa = PBXBuildFile; fileRef = C11AF1892B53FD1F0092AB68 /* cryptoUITestsLaunchTests.swift */; };
		C11AF1A12B5400150092AB68 /* HomeViews.swift in Sources */ = {isa = PBXBuildFile; fileRef = C11AF1A02B5400150092AB68 /* HomeViews.swift */; };
		C11AF1DA2B5404850092AB68 /* TopMoversViews.swift in Sources */ = {isa = PBXBuildFile; fileRef = C11AF1D92B5404850092AB68 /* TopMoversViews.swift */; };
		C11AF1DC2B54049A0092AB68 /* TopMoversItemView.swift in Sources */ = {isa = PBXBuildFile; fileRef = C11AF1DB2B54049A0092AB68 /* TopMoversItemView.swift */; };
		C11AF1DF2B540B830092AB68 /* AllCoinViews.swift in Sources */ = {isa = PBXBuildFile; fileRef = C11AF1DE2B540B830092AB68 /* AllCoinViews.swift */; };
		C11AF1E12B540B970092AB68 /* CoinRowView.swift in Sources */ = {isa = PBXBuildFile; fileRef = C11AF1E02B540B970092AB68 /* CoinRowView.swift */; };
		C11AF1E32B541EAA0092AB68 /* HomeViewModel.swift in Sources */ = {isa = PBXBuildFile; fileRef = C11AF1E22B541EAA0092AB68 /* HomeViewModel.swift */; };
		C11AF1E72B5455BD0092AB68 /* Coin.swift in Sources */ = {isa = PBXBuildFile; fileRef = C11AF1E62B5455BD0092AB68 /* Coin.swift */; };
		C1FACDAB2B55C70D002F20C3 /* Kingfisher in Frameworks */ = {isa = PBXBuildFile; productRef = C1FACDAA2B55C70D002F20C3 /* Kingfisher */; };
		C1FACDAD2B55CA3A002F20C3 /* Double.swift in Sources */ = {isa = PBXBuildFile; fileRef = C1FACDAC2B55CA3A002F20C3 /* Double.swift */; };
/* End PBXBuildFile section */

/* Begin PBXContainerItemProxy section */
		C11AF17A2B53FD1F0092AB68 /* PBXContainerItemProxy */ = {
			isa = PBXContainerItemProxy;
			containerPortal = C11AF1612B53FD1E0092AB68 /* Project object */;
			proxyType = 1;
			remoteGlobalIDString = C11AF1682B53FD1E0092AB68;
			remoteInfo = crypto;
		};
		C11AF1842B53FD1F0092AB68 /* PBXContainerItemProxy */ = {
			isa = PBXContainerItemProxy;
			containerPortal = C11AF1612B53FD1E0092AB68 /* Project object */;
			proxyType = 1;
			remoteGlobalIDString = C11AF1682B53FD1E0092AB68;
			remoteInfo = crypto;
		};
/* End PBXContainerItemProxy section */

/* Begin PBXFileReference section */
		C11AF1692B53FD1E0092AB68 /* crypto.app */ = {isa = PBXFileReference; explicitFileType = wrapper.application; includeInIndex = 0; path = crypto.app; sourceTree = BUILT_PRODUCTS_DIR; };
		C11AF16C2B53FD1E0092AB68 /* cryptoApp.swift */ = {isa = PBXFileReference; lastKnownFileType = sourcecode.swift; path = cryptoApp.swift; sourceTree = "<group>"; };
		C11AF16E2B53FD1E0092AB68 /* ContentView.swift */ = {isa = PBXFileReference; lastKnownFileType = sourcecode.swift; path = ContentView.swift; sourceTree = "<group>"; };
		C11AF1702B53FD1F0092AB68 /* Assets.xcassets */ = {isa = PBXFileReference; lastKnownFileType = folder.assetcatalog; path = Assets.xcassets; sourceTree = "<group>"; };
		C11AF1732B53FD1F0092AB68 /* Preview Assets.xcassets */ = {isa = PBXFileReference; lastKnownFileType = folder.assetcatalog; path = "Preview Assets.xcassets"; sourceTree = "<group>"; };
		C11AF1792B53FD1F0092AB68 /* cryptoTests.xctest */ = {isa = PBXFileReference; explicitFileType = wrapper.cfbundle; includeInIndex = 0; path = cryptoTests.xctest; sourceTree = BUILT_PRODUCTS_DIR; };
		C11AF17D2B53FD1F0092AB68 /* cryptoTests.swift */ = {isa = PBXFileReference; lastKnownFileType = sourcecode.swift; path = cryptoTests.swift; sourceTree = "<group>"; };
		C11AF1832B53FD1F0092AB68 /* cryptoUITests.xctest */ = {isa = PBXFileReference; explicitFileType = wrapper.cfbundle; includeInIndex = 0; path = cryptoUITests.xctest; sourceTree = BUILT_PRODUCTS_DIR; };
		C11AF1872B53FD1F0092AB68 /* cryptoUITests.swift */ = {isa = PBXFileReference; lastKnownFileType = sourcecode.swift; path = cryptoUITests.swift; sourceTree = "<group>"; };
		C11AF1892B53FD1F0092AB68 /* cryptoUITestsLaunchTests.swift */ = {isa = PBXFileReference; lastKnownFileType = sourcecode.swift; path = cryptoUITestsLaunchTests.swift; sourceTree = "<group>"; };
		C11AF1A02B5400150092AB68 /* HomeViews.swift */ = {isa = PBXFileReference; lastKnownFileType = sourcecode.swift; path = HomeViews.swift; sourceTree = "<group>"; };
		C11AF1D92B5404850092AB68 /* TopMoversViews.swift */ = {isa = PBXFileReference; lastKnownFileType = sourcecode.swift; path = TopMoversViews.swift; sourceTree = "<group>"; };
		C11AF1DB2B54049A0092AB68 /* TopMoversItemView.swift */ = {isa = PBXFileReference; lastKnownFileType = sourcecode.swift; path = TopMoversItemView.swift; sourceTree = "<group>"; };
		C11AF1DE2B540B830092AB68 /* AllCoinViews.swift */ = {isa = PBXFileReference; lastKnownFileType = sourcecode.swift; path = AllCoinViews.swift; sourceTree = "<group>"; };
		C11AF1E02B540B970092AB68 /* CoinRowView.swift */ = {isa = PBXFileReference; lastKnownFileType = sourcecode.swift; path = CoinRowView.swift; sourceTree = "<group>"; };
		C11AF1E22B541EAA0092AB68 /* HomeViewModel.swift */ = {isa = PBXFileReference; lastKnownFileType = sourcecode.swift; path = HomeViewModel.swift; sourceTree = "<group>"; };
		C11AF1E62B5455BD0092AB68 /* Coin.swift */ = {isa = PBXFileReference; lastKnownFileType = sourcecode.swift; path = Coin.swift; sourceTree = "<group>"; };
		C1FACDAC2B55CA3A002F20C3 /* Double.swift */ = {isa = PBXFileReference; lastKnownFileType = sourcecode.swift; path = Double.swift; sourceTree = "<group>"; };
/* End PBXFileReference section */

/* Begin PBXFrameworksBuildPhase section */
		C11AF1662B53FD1E0092AB68 /* Frameworks */ = {
			isa = PBXFrameworksBuildPhase;
			buildActionMask = 2147483647;
			files = (
				C1FACDAB2B55C70D002F20C3 /* Kingfisher in Frameworks */,
			);
			runOnlyForDeploymentPostprocessing = 0;
		};
		C11AF1762B53FD1F0092AB68 /* Frameworks */ = {
			isa = PBXFrameworksBuildPhase;
			buildActionMask = 2147483647;
			files = (
			);
			runOnlyForDeploymentPostprocessing = 0;
		};
		C11AF1802B53FD1F0092AB68 /* Frameworks */ = {
			isa = PBXFrameworksBuildPhase;
			buildActionMask = 2147483647;
			files = (
			);
			runOnlyForDeploymentPostprocessing = 0;
		};
/* End PBXFrameworksBuildPhase section */

/* Begin PBXGroup section */
		C11AF1602B53FD1E0092AB68 = {
			isa = PBXGroup;
			children = (
				C11AF16B2B53FD1E0092AB68 /* crypto */,
				C11AF17C2B53FD1F0092AB68 /* cryptoTests */,
				C11AF1862B53FD1F0092AB68 /* cryptoUITests */,
				C11AF16A2B53FD1E0092AB68 /* Products */,
			);
			sourceTree = "<group>";
		};
		C11AF16A2B53FD1E0092AB68 /* Products */ = {
			isa = PBXGroup;
			children = (
				C11AF1692B53FD1E0092AB68 /* crypto.app */,
				C11AF1792B53FD1F0092AB68 /* cryptoTests.xctest */,
				C11AF1832B53FD1F0092AB68 /* cryptoUITests.xctest */,
			);
			name = Products;
			sourceTree = "<group>";
		};
		C11AF16B2B53FD1E0092AB68 /* crypto */ = {
			isa = PBXGroup;
			children = (
				C11AF19A2B53FEA40092AB68 /* Utills */,
				C11AF1992B53FE9C0092AB68 /* Extensions */,
				C11AF1982B53FE950092AB68 /* Model */,
				C11AF1972B53FE8A0092AB68 /* Core */,
				C11AF1962B53FE7E0092AB68 /* App */,
				C11AF16E2B53FD1E0092AB68 /* ContentView.swift */,
				C11AF1702B53FD1F0092AB68 /* Assets.xcassets */,
				C11AF1722B53FD1F0092AB68 /* Preview Content */,
			);
			path = crypto;
			sourceTree = "<group>";
		};
		C11AF1722B53FD1F0092AB68 /* Preview Content */ = {
			isa = PBXGroup;
			children = (
				C11AF1732B53FD1F0092AB68 /* Preview Assets.xcassets */,
			);
			path = "Preview Content";
			sourceTree = "<group>";
		};
		C11AF17C2B53FD1F0092AB68 /* cryptoTests */ = {
			isa = PBXGroup;
			children = (
				C11AF17D2B53FD1F0092AB68 /* cryptoTests.swift */,
			);
			path = cryptoTests;
			sourceTree = "<group>";
		};
		C11AF1862B53FD1F0092AB68 /* cryptoUITests */ = {
			isa = PBXGroup;
			children = (
				C11AF1872B53FD1F0092AB68 /* cryptoUITests.swift */,
				C11AF1892B53FD1F0092AB68 /* cryptoUITestsLaunchTests.swift */,
			);
			path = cryptoUITests;
			sourceTree = "<group>";
		};
		C11AF1962B53FE7E0092AB68 /* App */ = {
			isa = PBXGroup;
			children = (
				C11AF16C2B53FD1E0092AB68 /* cryptoApp.swift */,
			);
			path = App;
			sourceTree = "<group>";
		};
		C11AF1972B53FE8A0092AB68 /* Core */ = {
			isa = PBXGroup;
			children = (
				C11AF19B2B53FEBF0092AB68 /* Home */,
			);
			path = Core;
			sourceTree = "<group>";
		};
		C11AF1982B53FE950092AB68 /* Model */ = {
			isa = PBXGroup;
			children = (
				C11AF1E62B5455BD0092AB68 /* Coin.swift */,
			);
			path = Model;
			sourceTree = "<group>";
		};
		C11AF1992B53FE9C0092AB68 /* Extensions */ = {
			isa = PBXGroup;
			children = (
				C1FACDAC2B55CA3A002F20C3 /* Double.swift */,
			);
			path = Extensions;
			sourceTree = "<group>";
		};
		C11AF19A2B53FEA40092AB68 /* Utills */ = {
			isa = PBXGroup;
			children = (
			);
			path = Utills;
			sourceTree = "<group>";
		};
		C11AF19B2B53FEBF0092AB68 /* Home */ = {
			isa = PBXGroup;
			children = (
				C11AF19F2B53FFFC0092AB68 /* Views */,
				C11AF19D2B53FECF0092AB68 /* ViewsModel */,
			);
			path = Home;
			sourceTree = "<group>";
		};
		C11AF19D2B53FECF0092AB68 /* ViewsModel */ = {
			isa = PBXGroup;
			children = (
				C11AF1E22B541EAA0092AB68 /* HomeViewModel.swift */,
			);
			path = ViewsModel;
			sourceTree = "<group>";
		};
		C11AF19F2B53FFFC0092AB68 /* Views */ = {
			isa = PBXGroup;
			children = (
				C11AF1A02B5400150092AB68 /* HomeViews.swift */,
				C11AF1D92B5404850092AB68 /* TopMoversViews.swift */,
				C11AF1DB2B54049A0092AB68 /* TopMoversItemView.swift */,
				C11AF1DE2B540B830092AB68 /* AllCoinViews.swift */,
				C11AF1E02B540B970092AB68 /* CoinRowView.swift */,
			);
			path = Views;
			sourceTree = "<group>";
		};
/* End PBXGroup section */

/* Begin PBXNativeTarget section */
		C11AF1682B53FD1E0092AB68 /* crypto */ = {
			isa = PBXNativeTarget;
			buildConfigurationList = C11AF18D2B53FD1F0092AB68 /* Build configuration list for PBXNativeTarget "crypto" */;
			buildPhases = (
				C11AF1652B53FD1E0092AB68 /* Sources */,
				C11AF1662B53FD1E0092AB68 /* Frameworks */,
				C11AF1672B53FD1E0092AB68 /* Resources */,
			);
			buildRules = (
			);
			dependencies = (
			);
			name = crypto;
			packageProductDependencies = (
				C1FACDAA2B55C70D002F20C3 /* Kingfisher */,
			);
			productName = crypto;
			productReference = C11AF1692B53FD1E0092AB68 /* crypto.app */;
			productType = "com.apple.product-type.application";
		};
		C11AF1782B53FD1F0092AB68 /* cryptoTests */ = {
			isa = PBXNativeTarget;
			buildConfigurationList = C11AF1902B53FD1F0092AB68 /* Build configuration list for PBXNativeTarget "cryptoTests" */;
			buildPhases = (
				C11AF1752B53FD1F0092AB68 /* Sources */,
				C11AF1762B53FD1F0092AB68 /* Frameworks */,
				C11AF1772B53FD1F0092AB68 /* Resources */,
			);
			buildRules = (
			);
			dependencies = (
				C11AF17B2B53FD1F0092AB68 /* PBXTargetDependency */,
			);
			name = cryptoTests;
			productName = cryptoTests;
			productReference = C11AF1792B53FD1F0092AB68 /* cryptoTests.xctest */;
			productType = "com.apple.product-type.bundle.unit-test";
		};
		C11AF1822B53FD1F0092AB68 /* cryptoUITests */ = {
			isa = PBXNativeTarget;
			buildConfigurationList = C11AF1932B53FD1F0092AB68 /* Build configuration list for PBXNativeTarget "cryptoUITests" */;
			buildPhases = (
				C11AF17F2B53FD1F0092AB68 /* Sources */,
				C11AF1802B53FD1F0092AB68 /* Frameworks */,
				C11AF1812B53FD1F0092AB68 /* Resources */,
			);
			buildRules = (
			);
			dependencies = (
				C11AF1852B53FD1F0092AB68 /* PBXTargetDependency */,
			);
			name = cryptoUITests;
			productName = cryptoUITests;
			productReference = C11AF1832B53FD1F0092AB68 /* cryptoUITests.xctest */;
			productType = "com.apple.product-type.bundle.ui-testing";
		};
/* End PBXNativeTarget section */

/* Begin PBXProject section */
		C11AF1612B53FD1E0092AB68 /* Project object */ = {
			isa = PBXProject;
			attributes = {
				BuildIndependentTargetsInParallel = 1;
				LastSwiftUpdateCheck = 1520;
				LastUpgradeCheck = 1520;
				TargetAttributes = {
					C11AF1682B53FD1E0092AB68 = {
						CreatedOnToolsVersion = 15.2;
					};
					C11AF1782B53FD1F0092AB68 = {
						CreatedOnToolsVersion = 15.2;
						TestTargetID = C11AF1682B53FD1E0092AB68;
					};
					C11AF1822B53FD1F0092AB68 = {
						CreatedOnToolsVersion = 15.2;
						TestTargetID = C11AF1682B53FD1E0092AB68;
					};
				};
			};
			buildConfigurationList = C11AF1642B53FD1E0092AB68 /* Build configuration list for PBXProject "crypto" */;
			compatibilityVersion = "Xcode 14.0";
			developmentRegion = en;
			hasScannedForEncodings = 0;
			knownRegions = (
				en,
				Base,
			);
			mainGroup = C11AF1602B53FD1E0092AB68;
			packageReferences = (
				C1FACDA92B55C70D002F20C3 /* XCRemoteSwiftPackageReference "Kingfisher" */,
			);
			productRefGroup = C11AF16A2B53FD1E0092AB68 /* Products */;
			projectDirPath = "";
			projectRoot = "";
			targets = (
				C11AF1682B53FD1E0092AB68 /* crypto */,
				C11AF1782B53FD1F0092AB68 /* cryptoTests */,
				C11AF1822B53FD1F0092AB68 /* cryptoUITests */,
			);
		};
/* End PBXProject section */

/* Begin PBXResourcesBuildPhase section */
		C11AF1672B53FD1E0092AB68 /* Resources */ = {
			isa = PBXResourcesBuildPhase;
			buildActionMask = 2147483647;
			files = (
				C11AF1742B53FD1F0092AB68 /* Preview Assets.xcassets in Resources */,
				C11AF1712B53FD1F0092AB68 /* Assets.xcassets in Resources */,
			);
			runOnlyForDeploymentPostprocessing = 0;
		};
		C11AF1772B53FD1F0092AB68 /* Resources */ = {
			isa = PBXResourcesBuildPhase;
			buildActionMask = 2147483647;
			files = (
			);
			runOnlyForDeploymentPostprocessing = 0;
		};
		C11AF1812B53FD1F0092AB68 /* Resources */ = {
			isa = PBXResourcesBuildPhase;
			buildActionMask = 2147483647;
			files = (
			);
			runOnlyForDeploymentPostprocessing = 0;
		};
/* End PBXResourcesBuildPhase section */

/* Begin PBXSourcesBuildPhase section */
		C11AF1652B53FD1E0092AB68 /* Sources */ = {
			isa = PBXSourcesBuildPhase;
			buildActionMask = 2147483647;
			files = (
				C11AF1E72B5455BD0092AB68 /* Coin.swift in Sources */,
				C11AF1DA2B5404850092AB68 /* TopMoversViews.swift in Sources */,
				C11AF16F2B53FD1E0092AB68 /* ContentView.swift in Sources */,
				C11AF16D2B53FD1E0092AB68 /* cryptoApp.swift in Sources */,
				C11AF1E32B541EAA0092AB68 /* HomeViewModel.swift in Sources */,
				C11AF1A12B5400150092AB68 /* HomeViews.swift in Sources */,
				C11AF1DC2B54049A0092AB68 /* TopMoversItemView.swift in Sources */,
				C11AF1E12B540B970092AB68 /* CoinRowView.swift in Sources */,
				C1FACDAD2B55CA3A002F20C3 /* Double.swift in Sources */,
				C11AF1DF2B540B830092AB68 /* AllCoinViews.swift in Sources */,
			);
			runOnlyForDeploymentPostprocessing = 0;
		};
		C11AF1752B53FD1F0092AB68 /* Sources */ = {
			isa = PBXSourcesBuildPhase;
			buildActionMask = 2147483647;
			files = (
				C11AF17E2B53FD1F0092AB68 /* cryptoTests.swift in Sources */,
			);
			runOnlyForDeploymentPostprocessing = 0;
		};
		C11AF17F2B53FD1F0092AB68 /* Sources */ = {
			isa = PBXSourcesBuildPhase;
			buildActionMask = 2147483647;
			files = (
				C11AF1882B53FD1F0092AB68 /* cryptoUITests.swift in Sources */,
				C11AF18A2B53FD1F0092AB68 /* cryptoUITestsLaunchTests.swift in Sources */,
			);
			runOnlyForDeploymentPostprocessing = 0;
		};
/* End PBXSourcesBuildPhase section */

/* Begin PBXTargetDependency section */
		C11AF17B2B53FD1F0092AB68 /* PBXTargetDependency */ = {
			isa = PBXTargetDependency;
			target = C11AF1682B53FD1E0092AB68 /* crypto */;
			targetProxy = C11AF17A2B53FD1F0092AB68 /* PBXContainerItemProxy */;
		};
		C11AF1852B53FD1F0092AB68 /* PBXTargetDependency */ = {
			isa = PBXTargetDependency;
			target = C11AF1682B53FD1E0092AB68 /* crypto */;
			targetProxy = C11AF1842B53FD1F0092AB68 /* PBXContainerItemProxy */;
		};
/* End PBXTargetDependency section */

/* Begin XCBuildConfiguration section */
		C11AF18B2B53FD1F0092AB68 /* Debug */ = {
			isa = XCBuildConfiguration;
			buildSettings = {
				ALWAYS_SEARCH_USER_PATHS = NO;
				ASSETCATALOG_COMPILER_GENERATE_SWIFT_ASSET_SYMBOL_EXTENSIONS = YES;
				CLANG_ANALYZER_NONNULL = YES;
				CLANG_ANALYZER_NUMBER_OBJECT_CONVERSION = YES_AGGRESSIVE;
				CLANG_CXX_LANGUAGE_STANDARD = "gnu++20";
				CLANG_ENABLE_MODULES = YES;
				CLANG_ENABLE_OBJC_ARC = YES;
				CLANG_ENABLE_OBJC_WEAK = YES;
				CLANG_WARN_BLOCK_CAPTURE_AUTORELEASING = YES;
				CLANG_WARN_BOOL_CONVERSION = YES;
				CLANG_WARN_COMMA = YES;
				CLANG_WARN_CONSTANT_CONVERSION = YES;
				CLANG_WARN_DEPRECATED_OBJC_IMPLEMENTATIONS = YES;
				CLANG_WARN_DIRECT_OBJC_ISA_USAGE = YES_ERROR;
				CLANG_WARN_DOCUMENTATION_COMMENTS = YES;
				CLANG_WARN_EMPTY_BODY = YES;
				CLANG_WARN_ENUM_CONVERSION = YES;
				CLANG_WARN_INFINITE_RECURSION = YES;
				CLANG_WARN_INT_CONVERSION = YES;
				CLANG_WARN_NON_LITERAL_NULL_CONVERSION = YES;
				CLANG_WARN_OBJC_IMPLICIT_RETAIN_SELF = YES;
				CLANG_WARN_OBJC_LITERAL_CONVERSION = YES;
				CLANG_WARN_OBJC_ROOT_CLASS = YES_ERROR;
				CLANG_WARN_QUOTED_INCLUDE_IN_FRAMEWORK_HEADER = YES;
				CLANG_WARN_RANGE_LOOP_ANALYSIS = YES;
				CLANG_WARN_STRICT_PROTOTYPES = YES;
				CLANG_WARN_SUSPICIOUS_MOVE = YES;
				CLANG_WARN_UNGUARDED_AVAILABILITY = YES_AGGRESSIVE;
				CLANG_WARN_UNREACHABLE_CODE = YES;
				CLANG_WARN__DUPLICATE_METHOD_MATCH = YES;
				COPY_PHASE_STRIP = NO;
				DEBUG_INFORMATION_FORMAT = dwarf;
				ENABLE_STRICT_OBJC_MSGSEND = YES;
				ENABLE_TESTABILITY = YES;
				ENABLE_USER_SCRIPT_SANDBOXING = YES;
				GCC_C_LANGUAGE_STANDARD = gnu17;
				GCC_DYNAMIC_NO_PIC = NO;
				GCC_NO_COMMON_BLOCKS = YES;
				GCC_OPTIMIZATION_LEVEL = 0;
				GCC_PREPROCESSOR_DEFINITIONS = (
					"DEBUG=1",
					"$(inherited)",
				);
				GCC_WARN_64_TO_32_BIT_CONVERSION = YES;
				GCC_WARN_ABOUT_RETURN_TYPE = YES_ERROR;
				GCC_WARN_UNDECLARED_SELECTOR = YES;
				GCC_WARN_UNINITIALIZED_AUTOS = YES_AGGRESSIVE;
				GCC_WARN_UNUSED_FUNCTION = YES;
				GCC_WARN_UNUSED_VARIABLE = YES;
				IPHONEOS_DEPLOYMENT_TARGET = 17.2;
				LOCALIZATION_PREFERS_STRING_CATALOGS = YES;
				MTL_ENABLE_DEBUG_INFO = INCLUDE_SOURCE;
				MTL_FAST_MATH = YES;
				ONLY_ACTIVE_ARCH = YES;
				SDKROOT = iphoneos;
				SWIFT_ACTIVE_COMPILATION_CONDITIONS = "DEBUG $(inherited)";
				SWIFT_OPTIMIZATION_LEVEL = "-Onone";
			};
			name = Debug;
		};
		C11AF18C2B53FD1F0092AB68 /* Release */ = {
			isa = XCBuildConfiguration;
			buildSettings = {
				ALWAYS_SEARCH_USER_PATHS = NO;
				ASSETCATALOG_COMPILER_GENERATE_SWIFT_ASSET_SYMBOL_EXTENSIONS = YES;
				CLANG_ANALYZER_NONNULL = YES;
				CLANG_ANALYZER_NUMBER_OBJECT_CONVERSION = YES_AGGRESSIVE;
				CLANG_CXX_LANGUAGE_STANDARD = "gnu++20";
				CLANG_ENABLE_MODULES = YES;
				CLANG_ENABLE_OBJC_ARC = YES;
				CLANG_ENABLE_OBJC_WEAK = YES;
				CLANG_WARN_BLOCK_CAPTURE_AUTORELEASING = YES;
				CLANG_WARN_BOOL_CONVERSION = YES;
				CLANG_WARN_COMMA = YES;
				CLANG_WARN_CONSTANT_CONVERSION = YES;
				CLANG_WARN_DEPRECATED_OBJC_IMPLEMENTATIONS = YES;
				CLANG_WARN_DIRECT_OBJC_ISA_USAGE = YES_ERROR;
				CLANG_WARN_DOCUMENTATION_COMMENTS = YES;
				CLANG_WARN_EMPTY_BODY = YES;
				CLANG_WARN_ENUM_CONVERSION = YES;
				CLANG_WARN_INFINITE_RECURSION = YES;
				CLANG_WARN_INT_CONVERSION = YES;
				CLANG_WARN_NON_LITERAL_NULL_CONVERSION = YES;
				CLANG_WARN_OBJC_IMPLICIT_RETAIN_SELF = YES;
				CLANG_WARN_OBJC_LITERAL_CONVERSION = YES;
				CLANG_WARN_OBJC_ROOT_CLASS = YES_ERROR;
				CLANG_WARN_QUOTED_INCLUDE_IN_FRAMEWORK_HEADER = YES;
				CLANG_WARN_RANGE_LOOP_ANALYSIS = YES;
				CLANG_WARN_STRICT_PROTOTYPES = YES;
				CLANG_WARN_SUSPICIOUS_MOVE = YES;
				CLANG_WARN_UNGUARDED_AVAILABILITY = YES_AGGRESSIVE;
				CLANG_WARN_UNREACHABLE_CODE = YES;
				CLANG_WARN__DUPLICATE_METHOD_MATCH = YES;
				COPY_PHASE_STRIP = NO;
				DEBUG_INFORMATION_FORMAT = "dwarf-with-dsym";
				ENABLE_NS_ASSERTIONS = NO;
				ENABLE_STRICT_OBJC_MSGSEND = YES;
				ENABLE_USER_SCRIPT_SANDBOXING = YES;
				GCC_C_LANGUAGE_STANDARD = gnu17;
				GCC_NO_COMMON_BLOCKS = YES;
				GCC_WARN_64_TO_32_BIT_CONVERSION = YES;
				GCC_WARN_ABOUT_RETURN_TYPE = YES_ERROR;
				GCC_WARN_UNDECLARED_SELECTOR = YES;
				GCC_WARN_UNINITIALIZED_AUTOS = YES_AGGRESSIVE;
				GCC_WARN_UNUSED_FUNCTION = YES;
				GCC_WARN_UNUSED_VARIABLE = YES;
				IPHONEOS_DEPLOYMENT_TARGET = 17.2;
				LOCALIZATION_PREFERS_STRING_CATALOGS = YES;
				MTL_ENABLE_DEBUG_INFO = NO;
				MTL_FAST_MATH = YES;
				SDKROOT = iphoneos;
				SWIFT_COMPILATION_MODE = wholemodule;
				VALIDATE_PRODUCT = YES;
			};
			name = Release;
		};
		C11AF18E2B53FD1F0092AB68 /* Debug */ = {
			isa = XCBuildConfiguration;
			buildSettings = {
				ASSETCATALOG_COMPILER_APPICON_NAME = AppIcon;
				ASSETCATALOG_COMPILER_GLOBAL_ACCENT_COLOR_NAME = AccentColor;
				CODE_SIGN_STYLE = Automatic;
				CURRENT_PROJECT_VERSION = 1;
				DEVELOPMENT_ASSET_PATHS = "\"crypto/Preview Content\"";
				DEVELOPMENT_TEAM = 48D83URPDT;
				ENABLE_PREVIEWS = YES;
				GENERATE_INFOPLIST_FILE = YES;
				INFOPLIST_KEY_UIApplicationSceneManifest_Generation = YES;
				INFOPLIST_KEY_UIApplicationSupportsIndirectInputEvents = YES;
				INFOPLIST_KEY_UILaunchScreen_Generation = YES;
				INFOPLIST_KEY_UISupportedInterfaceOrientations_iPad = "UIInterfaceOrientationPortrait UIInterfaceOrientationPortraitUpsideDown UIInterfaceOrientationLandscapeLeft UIInterfaceOrientationLandscapeRight";
				INFOPLIST_KEY_UISupportedInterfaceOrientations_iPhone = "UIInterfaceOrientationPortrait UIInterfaceOrientationLandscapeLeft UIInterfaceOrientationLandscapeRight";
				LD_RUNPATH_SEARCH_PATHS = (
					"$(inherited)",
					"@executable_path/Frameworks",
				);
				MARKETING_VERSION = 1.0;
				PRODUCT_BUNDLE_IDENTIFIER = durgesh.crypto;
				PRODUCT_NAME = "$(TARGET_NAME)";
				SWIFT_EMIT_LOC_STRINGS = YES;
				SWIFT_VERSION = 5.0;
				TARGETED_DEVICE_FAMILY = "1,2";
			};
			name = Debug;
		};
		C11AF18F2B53FD1F0092AB68 /* Release */ = {
			isa = XCBuildConfiguration;
			buildSettings = {
				ASSETCATALOG_COMPILER_APPICON_NAME = AppIcon;
				ASSETCATALOG_COMPILER_GLOBAL_ACCENT_COLOR_NAME = AccentColor;
				CODE_SIGN_STYLE = Automatic;
				CURRENT_PROJECT_VERSION = 1;
				DEVELOPMENT_ASSET_PATHS = "\"crypto/Preview Content\"";
				DEVELOPMENT_TEAM = 48D83URPDT;
				ENABLE_PREVIEWS = YES;
				GENERATE_INFOPLIST_FILE = YES;
				INFOPLIST_KEY_UIApplicationSceneManifest_Generation = YES;
				INFOPLIST_KEY_UIApplicationSupportsIndirectInputEvents = YES;
				INFOPLIST_KEY_UILaunchScreen_Generation = YES;
				INFOPLIST_KEY_UISupportedInterfaceOrientations_iPad = "UIInterfaceOrientationPortrait UIInterfaceOrientationPortraitUpsideDown UIInterfaceOrientationLandscapeLeft UIInterfaceOrientationLandscapeRight";
				INFOPLIST_KEY_UISupportedInterfaceOrientations_iPhone = "UIInterfaceOrientationPortrait UIInterfaceOrientationLandscapeLeft UIInterfaceOrientationLandscapeRight";
				LD_RUNPATH_SEARCH_PATHS = (
					"$(inherited)",
					"@executable_path/Frameworks",
				);
				MARKETING_VERSION = 1.0;
				PRODUCT_BUNDLE_IDENTIFIER = durgesh.crypto;
				PRODUCT_NAME = "$(TARGET_NAME)";
				SWIFT_EMIT_LOC_STRINGS = YES;
				SWIFT_VERSION = 5.0;
				TARGETED_DEVICE_FAMILY = "1,2";
			};
			name = Release;
		};
		C11AF1912B53FD1F0092AB68 /* Debug */ = {
			isa = XCBuildConfiguration;
			buildSettings = {
				ALWAYS_EMBED_SWIFT_STANDARD_LIBRARIES = YES;
				BUNDLE_LOADER = "$(TEST_HOST)";
				CODE_SIGN_STYLE = Automatic;
				CURRENT_PROJECT_VERSION = 1;
				DEVELOPMENT_TEAM = 48D83URPDT;
				GENERATE_INFOPLIST_FILE = YES;
				IPHONEOS_DEPLOYMENT_TARGET = 17.2;
				MARKETING_VERSION = 1.0;
				PRODUCT_BUNDLE_IDENTIFIER = durgesh.cryptoTests;
				PRODUCT_NAME = "$(TARGET_NAME)";
				SWIFT_EMIT_LOC_STRINGS = NO;
				SWIFT_VERSION = 5.0;
				TARGETED_DEVICE_FAMILY = "1,2";
				TEST_HOST = "$(BUILT_PRODUCTS_DIR)/crypto.app/$(BUNDLE_EXECUTABLE_FOLDER_PATH)/crypto";
			};
			name = Debug;
		};
		C11AF1922B53FD1F0092AB68 /* Release */ = {
			isa = XCBuildConfiguration;
			buildSettings = {
				ALWAYS_EMBED_SWIFT_STANDARD_LIBRARIES = YES;
				BUNDLE_LOADER = "$(TEST_HOST)";
				CODE_SIGN_STYLE = Automatic;
				CURRENT_PROJECT_VERSION = 1;
				DEVELOPMENT_TEAM = 48D83URPDT;
				GENERATE_INFOPLIST_FILE = YES;
				IPHONEOS_DEPLOYMENT_TARGET = 17.2;
				MARKETING_VERSION = 1.0;
				PRODUCT_BUNDLE_IDENTIFIER = durgesh.cryptoTests;
				PRODUCT_NAME = "$(TARGET_NAME)";
				SWIFT_EMIT_LOC_STRINGS = NO;
				SWIFT_VERSION = 5.0;
				TARGETED_DEVICE_FAMILY = "1,2";
				TEST_HOST = "$(BUILT_PRODUCTS_DIR)/crypto.app/$(BUNDLE_EXECUTABLE_FOLDER_PATH)/crypto";
			};
			name = Release;
		};
		C11AF1942B53FD1F0092AB68 /* Debug */ = {
			isa = XCBuildConfiguration;
			buildSettings = {
				ALWAYS_EMBED_SWIFT_STANDARD_LIBRARIES = YES;
				CODE_SIGN_STYLE = Automatic;
				CURRENT_PROJECT_VERSION = 1;
				DEVELOPMENT_TEAM = 48D83URPDT;
				GENERATE_INFOPLIST_FILE = YES;
				MARKETING_VERSION = 1.0;
				PRODUCT_BUNDLE_IDENTIFIER = durgesh.cryptoUITests;
				PRODUCT_NAME = "$(TARGET_NAME)";
				SWIFT_EMIT_LOC_STRINGS = NO;
				SWIFT_VERSION = 5.0;
				TARGETED_DEVICE_FAMILY = "1,2";
				TEST_TARGET_NAME = crypto;
			};
			name = Debug;
		};
		C11AF1952B53FD1F0092AB68 /* Release */ = {
			isa = XCBuildConfiguration;
			buildSettings = {
				ALWAYS_EMBED_SWIFT_STANDARD_LIBRARIES = YES;
				CODE_SIGN_STYLE = Automatic;
				CURRENT_PROJECT_VERSION = 1;
				DEVELOPMENT_TEAM = 48D83URPDT;
				GENERATE_INFOPLIST_FILE = YES;
				MARKETING_VERSION = 1.0;
				PRODUCT_BUNDLE_IDENTIFIER = durgesh.cryptoUITests;
				PRODUCT_NAME = "$(TARGET_NAME)";
				SWIFT_EMIT_LOC_STRINGS = NO;
				SWIFT_VERSION = 5.0;
				TARGETED_DEVICE_FAMILY = "1,2";
				TEST_TARGET_NAME = crypto;
			};
			name = Release;
		};
/* End XCBuildConfiguration section */

/* Begin XCConfigurationList section */
		C11AF1642B53FD1E0092AB68 /* Build configuration list for PBXProject "crypto" */ = {
			isa = XCConfigurationList;
			buildConfigurations = (
				C11AF18B2B53FD1F0092AB68 /* Debug */,
				C11AF18C2B53FD1F0092AB68 /* Release */,
			);
			defaultConfigurationIsVisible = 0;
			defaultConfigurationName = Release;
		};
		C11AF18D2B53FD1F0092AB68 /* Build configuration list for PBXNativeTarget "crypto" */ = {
			isa = XCConfigurationList;
			buildConfigurations = (
				C11AF18E2B53FD1F0092AB68 /* Debug */,
				C11AF18F2B53FD1F0092AB68 /* Release */,
			);
			defaultConfigurationIsVisible = 0;
			defaultConfigurationName = Release;
		};
		C11AF1902B53FD1F0092AB68 /* Build configuration list for PBXNativeTarget "cryptoTests" */ = {
			isa = XCConfigurationList;
			buildConfigurations = (
				C11AF1912B53FD1F0092AB68 /* Debug */,
				C11AF1922B53FD1F0092AB68 /* Release */,
			);
			defaultConfigurationIsVisible = 0;
			defaultConfigurationName = Release;
		};
		C11AF1932B53FD1F0092AB68 /* Build configuration list for PBXNativeTarget "cryptoUITests" */ = {
			isa = XCConfigurationList;
			buildConfigurations = (
				C11AF1942B53FD1F0092AB68 /* Debug */,
				C11AF1952B53FD1F0092AB68 /* Release */,
			);
			defaultConfigurationIsVisible = 0;
			defaultConfigurationName = Release;
		};
/* End XCConfigurationList section */

/* Begin XCRemoteSwiftPackageReference section */
		C1FACDA92B55C70D002F20C3 /* XCRemoteSwiftPackageReference "Kingfisher" */ = {
			isa = XCRemoteSwiftPackageReference;
			repositoryURL = "https://github.com/onevcat/Kingfisher.git";
			requirement = {
				kind = upToNextMajorVersion;
				minimumVersion = 7.10.2;
			};
		};
/* End XCRemoteSwiftPackageReference section */

/* Begin XCSwiftPackageProductDependency section */
		C1FACDAA2B55C70D002F20C3 /* Kingfisher */ = {
			isa = XCSwiftPackageProductDependency;
			package = C1FACDA92B55C70D002F20C3 /* XCRemoteSwiftPackageReference "Kingfisher" */;
			productName = Kingfisher;
		};
/* End XCSwiftPackageProductDependency section */
	};
	rootObject = C11AF1612B53FD1E0092AB68 /* Project object */;
}
